
Microsoft Visual Studio Solution File, Format Version 12.00
# Visual Studio Version 17
VisualStudioVersion = 17.5.002.0
MinimumVisualStudioVersion = 10.0.40219.1
Project("{9A19103F-16F7-4668-BE54-9A1E7A4F7556}") = "PKHeX.WinForms", "PKHeX.WinForms.csproj", "{B2A8D3FD-1320-4BA4-8C87-526B1E4C7AD7}"
EndProject
Global
	GlobalSection(SolutionConfigurationPlatforms) = preSolution
		Debug|Any CPU = Debug|Any CPU
		Release|Any CPU = Release|Any CPU
	EndGlobalSection
	GlobalSection(ProjectConfigurationPlatforms) = postSolution
		{B2A8D3FD-1320-4BA4-8C87-526B1E4C7AD7}.Debug|Any CPU.ActiveCfg = Debug|Any CPU
		{B2A8D3FD-1320-4BA4-8C87-526B1E4C7AD7}.Debug|Any CPU.Build.0 = Debug|Any CPU
		{B2A8D3FD-1320-4BA4-8C87-526B1E4C7AD7}.Release|Any CPU.ActiveCfg = Release|Any CPU
		{B2A8D3FD-1320-4BA4-8C87-526B1E4C7AD7}.Release|Any CPU.Build.0 = Release|Any CPU
	EndGlobalSection
	GlobalSection(SolutionProperties) = preSolution
		HideSolutionNode = FALSE
	EndGlobalSection
	GlobalSection(ExtensibilityGlobals) = postSolution
		SolutionGuid = {875AFE48-DCE9-4B9E-BA18-F87C36131DD2}
	EndGlobalSection
EndGlobal
