
Microsoft Visual Studio Solution File, Format Version 12.00
# Visual Studio Version 17
VisualStudioVersion = 17.2.32602.215
MinimumVisualStudioVersion = 10.0.40219.1
Project("{2150E333-8FDC-42A3-9474-1A3956D46DE8}") = "Tests", "Tests", "{7C0598C9-DDF3-4ACC-B15D-6A626ADB7530}"
EndProject
Project("{2150E333-8FDC-42A3-9474-1A3956D46DE8}") = "Solution Items", "Solution Items", "{0137B955-AED7-4769-BDFE-637034CA9F8A}"
	ProjectSection(SolutionItems) = preProject
		.editorconfig = .editorconfig
		LICENSE.md = LICENSE.md
		README.md = README.md
	EndProjectSection
EndProject
Project("{FAE04EC0-301F-11D3-BF4B-00C04F79EFBC}") = "PKHeX.Avalonia.Tests", "Tests\PKHeX.Avalonia.Tests\PKHeX.Avalonia.Tests.csproj", "{5A4B4952-181B-49D2-9D58-11948F93B213}"
EndProject
Project("{FAE04EC0-301F-11D3-BF4B-00C04F79EFBC}") = "PKHeX.Core", "PKHeX.Core\PKHeX.Core.csproj", "{DECE35F6-9DE9-464B-A767-DF552278787E}"
EndProject
Project("{FAE04EC0-301F-11D3-BF4B-00C04F79EFBC}") = "PKHeX.Avalonia", "PKHeX.Avalonia\PKHeX.Avalonia.csproj", "{8CC448C4-E85B-4EAF-B290-3AC7476BE89B}"
EndProject
Project("{FAE04EC0-301F-11D3-BF4B-00C04F79EFBC}") = "PKHeX.Core.Tests", "Tests\PKHeX.Core.Tests\PKHeX.Core.Tests.csproj", "{C2BDBB4E-2BB5-444E-AEC4-3EB859AF5F8F}"
EndProject
Project("{FAE04EC0-301F-11D3-BF4B-00C04F79EFBC}") = "PKHeX.Application", "PKHeX.Application\PKHeX.Application.csproj", "{9F0E4AC7-38F9-4042-BAF8-611385AB839F}"
EndProject
Project("{FAE04EC0-301F-11D3-BF4B-00C04F79EFBC}") = "PKHeX.Infrastructure", "PKHeX.Infrastructure\PKHeX.Infrastructure.csproj", "{AABFEA2B-F624-403C-AF03-74C637BE5679}"
EndProject
Project("{FAE04EC0-301F-11D3-BF4B-00C04F79EFBC}") = "PKHeX.Presentation", "PKHeX.Presentation\PKHeX.Presentation.csproj", "{B40F4C49-5167-4583-85B1-EFECDDF8F4DD}"
EndProject
Project("{FAE04EC0-301F-11D3-BF4B-00C04F79EFBC}") = "PKHeX.Architecture.Tests", "Tests\PKHeX.Architecture.Tests\PKHeX.Architecture.Tests.csproj", "{BF896C48-50E6-48B9-ABC1-07587EC09578}"
EndProject
Project("{FAE04EC0-301F-11D3-BF4B-00C04F79EFBC}") = "PKHeX.AutoMod", "PKHeX.AutoMod\PKHeX.AutoMod.csproj", "{FC2C090B-FA09-4E45-B1F6-DF045EAF5B6C}"
EndProject
Global
	GlobalSection(SolutionConfigurationPlatforms) = preSolution
		Debug|Any CPU = Debug|Any CPU
		Debug|x64 = Debug|x64
		Debug|x86 = Debug|x86
		Release|Any CPU = Release|Any CPU
		Release|x64 = Release|x64
		Release|x86 = Release|x86
	EndGlobalSection
	GlobalSection(ProjectConfigurationPlatforms) = postSolution
		{5A4B4952-181B-49D2-9D58-11948F93B213}.Debug|Any CPU.ActiveCfg = Debug|Any CPU
		{5A4B4952-181B-49D2-9D58-11948F93B213}.Debug|Any CPU.Build.0 = Debug|Any CPU
		{5A4B4952-181B-49D2-9D58-11948F93B213}.Debug|x64.ActiveCfg = Debug|Any CPU
		{5A4B4952-181B-49D2-9D58-11948F93B213}.Debug|x64.Build.0 = Debug|Any CPU
		{5A4B4952-181B-49D2-9D58-11948F93B213}.Debug|x86.ActiveCfg = Debug|Any CPU
		{5A4B4952-181B-49D2-9D58-11948F93B213}.Debug|x86.Build.0 = Debug|Any CPU
		{5A4B4952-181B-49D2-9D58-11948F93B213}.Release|Any CPU.ActiveCfg = Release|Any CPU
		{5A4B4952-181B-49D2-9D58-11948F93B213}.Release|Any CPU.Build.0 = Release|Any CPU
		{5A4B4952-181B-49D2-9D58-11948F93B213}.Release|x64.ActiveCfg = Release|Any CPU
		{5A4B4952-181B-49D2-9D58-11948F93B213}.Release|x64.Build.0 = Release|Any CPU
		{5A4B4952-181B-49D2-9D58-11948F93B213}.Release|x86.ActiveCfg = Release|Any CPU
		{5A4B4952-181B-49D2-9D58-11948F93B213}.Release|x86.Build.0 = Release|Any CPU
		{DECE35F6-9DE9-464B-A767-DF552278787E}.Debug|Any CPU.ActiveCfg = Debug|Any CPU
		{DECE35F6-9DE9-464B-A767-DF552278787E}.Debug|Any CPU.Build.0 = Debug|Any CPU
		{DECE35F6-9DE9-464B-A767-DF552278787E}.Debug|x64.ActiveCfg = Debug|Any CPU
		{DECE35F6-9DE9-464B-A767-DF552278787E}.Debug|x64.Build.0 = Debug|Any CPU
		{DECE35F6-9DE9-464B-A767-DF552278787E}.Debug|x86.ActiveCfg = Debug|Any CPU
		{DECE35F6-9DE9-464B-A767-DF552278787E}.Debug|x86.Build.0 = Debug|Any CPU
		{DECE35F6-9DE9-464B-A767-DF552278787E}.Release|Any CPU.ActiveCfg = Release|Any CPU
		{DECE35F6-9DE9-464B-A767-DF552278787E}.Release|Any CPU.Build.0 = Release|Any CPU
		{DECE35F6-9DE9-464B-A767-DF552278787E}.Release|x64.ActiveCfg = Release|Any CPU
		{DECE35F6-9DE9-464B-A767-DF552278787E}.Release|x64.Build.0 = Release|Any CPU
		{DECE35F6-9DE9-464B-A767-DF552278787E}.Release|x86.ActiveCfg = Release|Any CPU
		{DECE35F6-9DE9-464B-A767-DF552278787E}.Release|x86.Build.0 = Release|Any CPU
		{8CC448C4-E85B-4EAF-B290-3AC7476BE89B}.Debug|Any CPU.ActiveCfg = Debug|Any CPU
		{8CC448C4-E85B-4EAF-B290-3AC7476BE89B}.Debug|Any CPU.Build.0 = Debug|Any CPU
		{8CC448C4-E85B-4EAF-B290-3AC7476BE89B}.Debug|x64.ActiveCfg = Debug|Any CPU
		{8CC448C4-E85B-4EAF-B290-3AC7476BE89B}.Debug|x64.Build.0 = Debug|Any CPU
		{8CC448C4-E85B-4EAF-B290-3AC7476BE89B}.Debug|x86.ActiveCfg = Debug|Any CPU
		{8CC448C4-E85B-4EAF-B290-3AC7476BE89B}.Debug|x86.Build.0 = Debug|Any CPU
		{8CC448C4-E85B-4EAF-B290-3AC7476BE89B}.Release|Any CPU.ActiveCfg = Release|Any CPU
		{8CC448C4-E85B-4EAF-B290-3AC7476BE89B}.Release|Any CPU.Build.0 = Release|Any CPU
		{8CC448C4-E85B-4EAF-B290-3AC7476BE89B}.Release|x64.ActiveCfg = Release|Any CPU
		{8CC448C4-E85B-4EAF-B290-3AC7476BE89B}.Release|x64.Build.0 = Release|Any CPU
		{8CC448C4-E85B-4EAF-B290-3AC7476BE89B}.Release|x86.ActiveCfg = Release|Any CPU
		{8CC448C4-E85B-4EAF-B290-3AC7476BE89B}.Release|x86.Build.0 = Release|Any CPU
		{C2BDBB4E-2BB5-444E-AEC4-3EB859AF5F8F}.Debug|Any CPU.ActiveCfg = Debug|Any CPU
		{C2BDBB4E-2BB5-444E-AEC4-3EB859AF5F8F}.Debug|Any CPU.Build.0 = Debug|Any CPU
		{C2BDBB4E-2BB5-444E-AEC4-3EB859AF5F8F}.Debug|x64.ActiveCfg = Debug|Any CPU
		{C2BDBB4E-2BB5-444E-AEC4-3EB859AF5F8F}.Debug|x64.Build.0 = Debug|Any CPU
		{C2BDBB4E-2BB5-444E-AEC4-3EB859AF5F8F}.Debug|x86.ActiveCfg = Debug|Any CPU
		{C2BDBB4E-2BB5-444E-AEC4-3EB859AF5F8F}.Debug|x86.Build.0 = Debug|Any CPU
		{C2BDBB4E-2BB5-444E-AEC4-3EB859AF5F8F}.Release|Any CPU.ActiveCfg = Release|Any CPU
		{C2BDBB4E-2BB5-444E-AEC4-3EB859AF5F8F}.Release|Any CPU.Build.0 = Release|Any CPU
		{C2BDBB4E-2BB5-444E-AEC4-3EB859AF5F8F}.Release|x64.ActiveCfg = Release|Any CPU
		{C2BDBB4E-2BB5-444E-AEC4-3EB859AF5F8F}.Release|x64.Build.0 = Release|Any CPU
		{C2BDBB4E-2BB5-444E-AEC4-3EB859AF5F8F}.Release|x86.ActiveCfg = Release|Any CPU
		{C2BDBB4E-2BB5-444E-AEC4-3EB859AF5F8F}.Release|x86.Build.0 = Release|Any CPU
		{9F0E4AC7-38F9-4042-BAF8-611385AB839F}.Debug|Any CPU.ActiveCfg = Debug|Any CPU
		{9F0E4AC7-38F9-4042-BAF8-611385AB839F}.Debug|Any CPU.Build.0 = Debug|Any CPU
		{9F0E4AC7-38F9-4042-BAF8-611385AB839F}.Debug|x64.ActiveCfg = Debug|Any CPU
		{9F0E4AC7-38F9-4042-BAF8-611385AB839F}.Debug|x64.Build.0 = Debug|Any CPU
		{9F0E4AC7-38F9-4042-BAF8-611385AB839F}.Debug|x86.ActiveCfg = Debug|Any CPU
		{9F0E4AC7-38F9-4042-BAF8-611385AB839F}.Debug|x86.Build.0 = Debug|Any CPU
		{9F0E4AC7-38F9-4042-BAF8-611385AB839F}.Release|Any CPU.ActiveCfg = Release|Any CPU
		{9F0E4AC7-38F9-4042-BAF8-611385AB839F}.Release|Any CPU.Build.0 = Release|Any CPU
		{9F0E4AC7-38F9-4042-BAF8-611385AB839F}.Release|x64.ActiveCfg = Release|Any CPU
		{9F0E4AC7-38F9-4042-BAF8-611385AB839F}.Release|x64.Build.0 = Release|Any CPU
		{9F0E4AC7-38F9-4042-BAF8-611385AB839F}.Release|x86.ActiveCfg = Release|Any CPU
		{9F0E4AC7-38F9-4042-BAF8-611385AB839F}.Release|x86.Build.0 = Release|Any CPU
		{AABFEA2B-F624-403C-AF03-74C637BE5679}.Debug|Any CPU.ActiveCfg = Debug|Any CPU
		{AABFEA2B-F624-403C-AF03-74C637BE5679}.Debug|Any CPU.Build.0 = Debug|Any CPU
		{AABFEA2B-F624-403C-AF03-74C637BE5679}.Debug|x64.ActiveCfg = Debug|Any CPU
		{AABFEA2B-F624-403C-AF03-74C637BE5679}.Debug|x64.Build.0 = Debug|Any CPU
		{AABFEA2B-F624-403C-AF03-74C637BE5679}.Debug|x86.ActiveCfg = Debug|Any CPU
		{AABFEA2B-F624-403C-AF03-74C637BE5679}.Debug|x86.Build.0 = Debug|Any CPU
		{AABFEA2B-F624-403C-AF03-74C637BE5679}.Release|Any CPU.ActiveCfg = Release|Any CPU
		{AABFEA2B-F624-403C-AF03-74C637BE5679}.Release|Any CPU.Build.0 = Release|Any CPU
		{AABFEA2B-F624-403C-AF03-74C637BE5679}.Release|x64.ActiveCfg = Release|Any CPU
		{AABFEA2B-F624-403C-AF03-74C637BE5679}.Release|x64.Build.0 = Release|Any CPU
		{AABFEA2B-F624-403C-AF03-74C637BE5679}.Release|x86.ActiveCfg = Release|Any CPU
		{AABFEA2B-F624-403C-AF03-74C637BE5679}.Release|x86.Build.0 = Release|Any CPU
		{B40F4C49-5167-4583-85B1-EFECDDF8F4DD}.Debug|Any CPU.ActiveCfg = Debug|Any CPU
		{B40F4C49-5167-4583-85B1-EFECDDF8F4DD}.Debug|Any CPU.Build.0 = Debug|Any CPU
		{B40F4C49-5167-4583-85B1-EFECDDF8F4DD}.Debug|x64.ActiveCfg = Debug|Any CPU
		{B40F4C49-5167-4583-85B1-EFECDDF8F4DD}.Debug|x64.Build.0 = Debug|Any CPU
		{B40F4C49-5167-4583-85B1-EFECDDF8F4DD}.Debug|x86.ActiveCfg = Debug|Any CPU
		{B40F4C49-5167-4583-85B1-EFECDDF8F4DD}.Debug|x86.Build.0 = Debug|Any CPU
		{B40F4C49-5167-4583-85B1-EFECDDF8F4DD}.Release|Any CPU.ActiveCfg = Release|Any CPU
		{B40F4C49-5167-4583-85B1-EFECDDF8F4DD}.Release|Any CPU.Build.0 = Release|Any CPU
		{B40F4C49-5167-4583-85B1-EFECDDF8F4DD}.Release|x64.ActiveCfg = Release|Any CPU
		{B40F4C49-5167-4583-85B1-EFECDDF8F4DD}.Release|x64.Build.0 = Release|Any CPU
		{B40F4C49-5167-4583-85B1-EFECDDF8F4DD}.Release|x86.ActiveCfg = Release|Any CPU
		{B40F4C49-5167-4583-85B1-EFECDDF8F4DD}.Release|x86.Build.0 = Release|Any CPU
		{BF896C48-50E6-48B9-ABC1-07587EC09578}.Debug|Any CPU.ActiveCfg = Debug|Any CPU
		{BF896C48-50E6-48B9-ABC1-07587EC09578}.Debug|Any CPU.Build.0 = Debug|Any CPU
		{BF896C48-50E6-48B9-ABC1-07587EC09578}.Debug|x64.ActiveCfg = Debug|Any CPU
		{BF896C48-50E6-48B9-ABC1-07587EC09578}.Debug|x64.Build.0 = Debug|Any CPU
		{BF896C48-50E6-48B9-ABC1-07587EC09578}.Debug|x86.ActiveCfg = Debug|Any CPU
		{BF896C48-50E6-48B9-ABC1-07587EC09578}.Debug|x86.Build.0 = Debug|Any CPU
		{BF896C48-50E6-48B9-ABC1-07587EC09578}.Release|Any CPU.ActiveCfg = Release|Any CPU
		{BF896C48-50E6-48B9-ABC1-07587EC09578}.Release|Any CPU.Build.0 = Release|Any CPU
		{BF896C48-50E6-48B9-ABC1-07587EC09578}.Release|x64.ActiveCfg = Release|Any CPU
		{BF896C48-50E6-48B9-ABC1-07587EC09578}.Release|x64.Build.0 = Release|Any CPU
		{BF896C48-50E6-48B9-ABC1-07587EC09578}.Release|x86.ActiveCfg = Release|Any CPU
		{BF896C48-50E6-48B9-ABC1-07587EC09578}.Release|x86.Build.0 = Release|Any CPU
		{FC2C090B-FA09-4E45-B1F6-DF045EAF5B6C}.Debug|Any CPU.ActiveCfg = Debug|Any CPU
		{FC2C090B-FA09-4E45-B1F6-DF045EAF5B6C}.Debug|Any CPU.Build.0 = Debug|Any CPU
		{FC2C090B-FA09-4E45-B1F6-DF045EAF5B6C}.Debug|x64.ActiveCfg = Debug|Any CPU
		{FC2C090B-FA09-4E45-B1F6-DF045EAF5B6C}.Debug|x64.Build.0 = Debug|Any CPU
		{FC2C090B-FA09-4E45-B1F6-DF045EAF5B6C}.Debug|x86.ActiveCfg = Debug|Any CPU
		{FC2C090B-FA09-4E45-B1F6-DF045EAF5B6C}.Debug|x86.Build.0 = Debug|Any CPU
		{FC2C090B-FA09-4E45-B1F6-DF045EAF5B6C}.Release|Any CPU.ActiveCfg = Release|Any CPU
		{FC2C090B-FA09-4E45-B1F6-DF045EAF5B6C}.Release|Any CPU.Build.0 = Release|Any CPU
		{FC2C090B-FA09-4E45-B1F6-DF045EAF5B6C}.Release|x64.ActiveCfg = Release|Any CPU
		{FC2C090B-FA09-4E45-B1F6-DF045EAF5B6C}.Release|x64.Build.0 = Release|Any CPU
		{FC2C090B-FA09-4E45-B1F6-DF045EAF5B6C}.Release|x86.ActiveCfg = Release|Any CPU
		{FC2C090B-FA09-4E45-B1F6-DF045EAF5B6C}.Release|x86.Build.0 = Release|Any CPU
	EndGlobalSection
	GlobalSection(SolutionProperties) = preSolution
		HideSolutionNode = FALSE
	EndGlobalSection
	GlobalSection(NestedProjects) = preSolution
		{5A4B4952-181B-49D2-9D58-11948F93B213} = {7C0598C9-DDF3-4ACC-B15D-6A626ADB7530}
		{C2BDBB4E-2BB5-444E-AEC4-3EB859AF5F8F} = {7C0598C9-DDF3-4ACC-B15D-6A626ADB7530}
		{BF896C48-50E6-48B9-ABC1-07587EC09578} = {7C0598C9-DDF3-4ACC-B15D-6A626ADB7530}
	EndGlobalSection
	GlobalSection(ExtensibilityGlobals) = postSolution
		SolutionGuid = {AAD7224E-2087-43E8-A7C9-D5555BFBB3B9}
	EndGlobalSection
EndGlobal
